
Microsoft Visual Studio Solution File, Format Version 12.00
# Visual Studio Version 17
VisualStudioVersion = 17.3.32929.385
MinimumVisualStudioVersion = 10.0.40219.1
Project("{9A19103F-16F7-4668-BE54-9A1E7A4F7556}") = "ByteBank-ADM", "ByteBank-ADM\ByteBank-ADM.csproj", "{A7251FC8-A5B9-4191-8F1C-480D3F18E451}"
EndProject
Project("{FAE04EC0-301F-11D3-BF4B-00C04F79EFBC}") = "Desafio-Matematica", "Desafio-Matematica\Desafio-Matematica.csproj", "{A2B36F82-D4D4-4E0F-94B8-D4E5B55790CD}"
EndProject
Global
	GlobalSection(SolutionConfigurationPlatforms) = preSolution
		Debug|Any CPU = Debug|Any CPU
		Release|Any CPU = Release|Any CPU
	EndGlobalSection
	GlobalSection(ProjectConfigurationPlatforms) = postSolution
		{A7251FC8-A5B9-4191-8F1C-480D3F18E451}.Debug|Any CPU.ActiveCfg = Debug|Any CPU
		{A7251FC8-A5B9-4191-8F1C-480D3F18E451}.Debug|Any CPU.Build.0 = Debug|Any CPU
		{A7251FC8-A5B9-4191-8F1C-480D3F18E451}.Release|Any CPU.ActiveCfg = Release|Any CPU
		{A7251FC8-A5B9-4191-8F1C-480D3F18E451}.Release|Any CPU.Build.0 = Release|Any CPU
		{A2B36F82-D4D4-4E0F-94B8-D4E5B55790CD}.Debug|Any CPU.ActiveCfg = Debug|Any CPU
		{A2B36F82-D4D4-4E0F-94B8-D4E5B55790CD}.Debug|Any CPU.Build.0 = Debug|Any CPU
		{A2B36F82-D4D4-4E0F-94B8-D4E5B55790CD}.Release|Any CPU.ActiveCfg = Release|Any CPU
		{A2B36F82-D4D4-4E0F-94B8-D4E5B55790CD}.Release|Any CPU.Build.0 = Release|Any CPU
	EndGlobalSection
	GlobalSection(SolutionProperties) = preSolution
		HideSolutionNode = FALSE
	EndGlobalSection
	GlobalSection(ExtensibilityGlobals) = postSolution
		SolutionGuid = {FCE44A80-EC2C-4B36-B6B3-2CFBE9DB5B20}
	EndGlobalSection
EndGlobal
